Microsoft Visual Studio Solution File, Format Version 12.00
# Visual Studio Version 17
VisualStudioVersion = 17.5.2.0
MinimumVisualStudioVersion = 10.0.40219.1
Project("{FAE04EC0-301F-11D3-BF4B-00C04F79EFBC}") = "ConexaoSolidaria", "ConexaoSolidaria.csproj", "{C1999AF9-8456-4EB9-F069-3C025323C196}"
EndProject
Global
	GlobalSection(SolutionConfigurationPlatforms) = preSolution
		Debug|Any CPU = Debug|Any CPU
		Release|Any CPU = Release|Any CPU
	EndGlobalSection
	GlobalSection(ProjectConfigurationPlatforms) = postSolution
		{C1999AF9-8456-4EB9-F069-3C025323C196}.Debug|Any CPU.ActiveCfg = Debug|Any CPU
		{C1999AF9-8456-4EB9-F069-3C025323C196}.Debug|Any CPU.Build.0 = Debug|Any CPU
		{C1999AF9-8456-4EB9-F069-3C025323C196}.Release|Any CPU.ActiveCfg = Release|Any CPU
		{C1999AF9-8456-4EB9-F069-3C025323C196}.Release|Any CPU.Build.0 = Release|Any CPU
	EndGlobalSection
	GlobalSection(SolutionProperties) = preSolution
		HideSolutionNode = FALSE
	EndGlobalSection
	GlobalSection(ExtensibilityGlobals) = postSolution
		SolutionGuid = {2AFE9E00-E985-4885-B404-3564F61D96EE}
	EndGlobalSection
EndGlobal
